
Microsoft Visual Studio Solution File, Format Version 12.00
# Visual Studio Version 17
VisualStudioVersion = 17.0.32112.339
MinimumVisualStudioVersion = 10.0.40219.1
Project("{9A19103F-16F7-4668-BE54-9A1E7A4F7556}") = "Admin.NET.Application", "Admin.NET.Application\Admin.NET.Application.csproj", "{C3F5AEC5-ACEE-4109-94E3-3F981DC18268}"
EndProject
Project("{9A19103F-16F7-4668-BE54-9A1E7A4F7556}") = "Admin.NET.Core", "Admin.NET.Core\Admin.NET.Core.csproj", "{3AD1A3ED-ED11-479D-BE32-6589D98A9ADC}"
EndProject
Project("{9A19103F-16F7-4668-BE54-9A1E7A4F7556}") = "Admin.NET.Web.Core", "Admin.NET.Web.Core\Admin.NET.Web.Core.csproj", "{8A42A864-A69E-40F7-975E-F2FA36E7DFEE}"
EndProject
Project("{9A19103F-16F7-4668-BE54-9A1E7A4F7556}") = "Admin.NET.Web.Entry", "Admin.NET.Web.Entry\Admin.NET.Web.Entry.csproj", "{11EA630B-4600-4236-A117-CE6C6CD67586}"
EndProject
Project("{2150E333-8FDC-42A3-9474-1A3956D46DE8}") = "Solution Items", "Solution Items", "{662E0B8E-F23E-4C7D-80BD-CAA5707503CC}"
	ProjectSection(SolutionItems) = preProject
		.editorconfig = .editorconfig
	EndProjectSection
EndProject
Project("{2150E333-8FDC-42A3-9474-1A3956D46DE8}") = "Admin.Infrastructures", "Admin.Infrastructures", "{85F4F4F2-0EDF-44FB-BC49-D8D1C03F6C19}"
EndProject
Project("{9A19103F-16F7-4668-BE54-9A1E7A4F7556}") = "Admin.Demo", "Admin.Infrastructures\Admin.Demo\Admin.Demo.csproj", "{32CDED14-A60D-481C-A7FB-8E4693F026C9}"
EndProject
Project("{9A19103F-16F7-4668-BE54-9A1E7A4F7556}") = "Demo.Main", "Admin.Infrastructures\Demo.Main\Demo.Main.csproj", "{7BF03157-C14B-48C5-924D-15A032829077}"
EndProject
Project("{2150E333-8FDC-42A3-9474-1A3956D46DE8}") = "Admin.Modules", "Admin.Modules", "{4788BA77-2D45-4367-B746-D2FAB74C0473}"
EndProject
Project("{2150E333-8FDC-42A3-9474-1A3956D46DE8}") = "GrpcModule", "GrpcModule", "{432CF793-EA1A-4986-BAB1-C767555C6E93}"
EndProject
Project("{9A19103F-16F7-4668-BE54-9A1E7A4F7556}") = "XT.Grpc", "Admin.Modules\GrpcModule\XT.Grpc\XT.Grpc.csproj", "{8AA0DB86-7EB2-48D3-A98B-4912BA06DB11}"
EndProject
Global
	GlobalSection(SolutionConfigurationPlatforms) = preSolution
		Debug|Any CPU = Debug|Any CPU
		Release|Any CPU = Release|Any CPU
	EndGlobalSection
	GlobalSection(ProjectConfigurationPlatforms) = postSolution
		{C3F5AEC5-ACEE-4109-94E3-3F981DC18268}.Debug|Any CPU.ActiveCfg = Debug|Any CPU
		{C3F5AEC5-ACEE-4109-94E3-3F981DC18268}.Debug|Any CPU.Build.0 = Debug|Any CPU
		{C3F5AEC5-ACEE-4109-94E3-3F981DC18268}.Release|Any CPU.ActiveCfg = Release|Any CPU
		{C3F5AEC5-ACEE-4109-94E3-3F981DC18268}.Release|Any CPU.Build.0 = Release|Any CPU
		{3AD1A3ED-ED11-479D-BE32-6589D98A9ADC}.Debug|Any CPU.ActiveCfg = Debug|Any CPU
		{3AD1A3ED-ED11-479D-BE32-6589D98A9ADC}.Debug|Any CPU.Build.0 = Debug|Any CPU
		{3AD1A3ED-ED11-479D-BE32-6589D98A9ADC}.Release|Any CPU.ActiveCfg = Release|Any CPU
		{3AD1A3ED-ED11-479D-BE32-6589D98A9ADC}.Release|Any CPU.Build.0 = Release|Any CPU
		{8A42A864-A69E-40F7-975E-F2FA36E7DFEE}.Debug|Any CPU.ActiveCfg = Debug|Any CPU
		{8A42A864-A69E-40F7-975E-F2FA36E7DFEE}.Debug|Any CPU.Build.0 = Debug|Any CPU
		{8A42A864-A69E-40F7-975E-F2FA36E7DFEE}.Release|Any CPU.ActiveCfg = Release|Any CPU
		{8A42A864-A69E-40F7-975E-F2FA36E7DFEE}.Release|Any CPU.Build.0 = Release|Any CPU
		{11EA630B-4600-4236-A117-CE6C6CD67586}.Debug|Any CPU.ActiveCfg = Debug|Any CPU
		{11EA630B-4600-4236-A117-CE6C6CD67586}.Debug|Any CPU.Build.0 = Debug|Any CPU
		{11EA630B-4600-4236-A117-CE6C6CD67586}.Release|Any CPU.ActiveCfg = Release|Any CPU
		{11EA630B-4600-4236-A117-CE6C6CD67586}.Release|Any CPU.Build.0 = Release|Any CPU
		{32CDED14-A60D-481C-A7FB-8E4693F026C9}.Debug|Any CPU.ActiveCfg = Debug|Any CPU
		{32CDED14-A60D-481C-A7FB-8E4693F026C9}.Debug|Any CPU.Build.0 = Debug|Any CPU
		{32CDED14-A60D-481C-A7FB-8E4693F026C9}.Release|Any CPU.ActiveCfg = Release|Any CPU
		{32CDED14-A60D-481C-A7FB-8E4693F026C9}.Release|Any CPU.Build.0 = Release|Any CPU
		{7BF03157-C14B-48C5-924D-15A032829077}.Debug|Any CPU.ActiveCfg = Debug|Any CPU
		{7BF03157-C14B-48C5-924D-15A032829077}.Debug|Any CPU.Build.0 = Debug|Any CPU
		{7BF03157-C14B-48C5-924D-15A032829077}.Release|Any CPU.ActiveCfg = Release|Any CPU
		{7BF03157-C14B-48C5-924D-15A032829077}.Release|Any CPU.Build.0 = Release|Any CPU
		{8AA0DB86-7EB2-48D3-A98B-4912BA06DB11}.Debug|Any CPU.ActiveCfg = Debug|Any CPU
		{8AA0DB86-7EB2-48D3-A98B-4912BA06DB11}.Debug|Any CPU.Build.0 = Debug|Any CPU
		{8AA0DB86-7EB2-48D3-A98B-4912BA06DB11}.Release|Any CPU.ActiveCfg = Release|Any CPU
		{8AA0DB86-7EB2-48D3-A98B-4912BA06DB11}.Release|Any CPU.Build.0 = Release|Any CPU
	EndGlobalSection
	GlobalSection(SolutionProperties) = preSolution
		HideSolutionNode = FALSE
	EndGlobalSection
	GlobalSection(NestedProjects) = preSolution
		{32CDED14-A60D-481C-A7FB-8E4693F026C9} = {85F4F4F2-0EDF-44FB-BC49-D8D1C03F6C19}
		{7BF03157-C14B-48C5-924D-15A032829077} = {85F4F4F2-0EDF-44FB-BC49-D8D1C03F6C19}
		{432CF793-EA1A-4986-BAB1-C767555C6E93} = {4788BA77-2D45-4367-B746-D2FAB74C0473}
		{8AA0DB86-7EB2-48D3-A98B-4912BA06DB11} = {432CF793-EA1A-4986-BAB1-C767555C6E93}
	EndGlobalSection
	GlobalSection(ExtensibilityGlobals) = postSolution
		SolutionGuid = {5CD801D7-984A-4F5C-8FA2-211B7A5EA9F3}
	EndGlobalSection
EndGlobal
