
Microsoft Visual Studio Solution File, Format Version 12.00
# Visual Studio Version 17
VisualStudioVersion = 17.0.32112.339
MinimumVisualStudioVersion = 10.0.40219.1
Project("{9A19103F-16F7-4668-BE54-9A1E7A4F7556}") = "Admin.NET.Application", "Admin.NET.Application\Admin.NET.Application.csproj", "{C3F5AEC5-ACEE-4109-94E3-3F981DC18268}"
EndProject
Project("{9A19103F-16F7-4668-BE54-9A1E7A4F7556}") = "Admin.NET.Core", "Admin.NET.Core\Admin.NET.Core.csproj", "{3AD1A3ED-ED11-479D-BE32-6589D98A9ADC}"
EndProject
Project("{9A19103F-16F7-4668-BE54-9A1E7A4F7556}") = "Admin.NET.Web.Core", "Admin.NET.Web.Core\Admin.NET.Web.Core.csproj", "{8A42A864-A69E-40F7-975E-F2FA36E7DFEE}"
EndProject
Project("{9A19103F-16F7-4668-BE54-9A1E7A4F7556}") = "Admin.NET.Web.Entry", "Admin.NET.Web.Entry\Admin.NET.Web.Entry.csproj", "{11EA630B-4600-4236-A117-CE6C6CD67586}"
EndProject
Project("{2150E333-8FDC-42A3-9474-1A3956D46DE8}") = "Solution Items", "Solution Items", "{662E0B8E-F23E-4C7D-80BD-CAA5707503CC}"
	ProjectSection(SolutionItems) = preProject
		.editorconfig = .editorconfig
	EndProjectSection
EndProject
Project("{2150E333-8FDC-42A3-9474-1A3956D46DE8}") = "Admin.Infrastructures", "Admin.Infrastructures", "{85F4F4F2-0EDF-44FB-BC49-D8D1C03F6C19}"
EndProject
Project("{9A19103F-16F7-4668-BE54-9A1E7A4F7556}") = "Admin.Demo", "Admin.Infrastructures\Admin.Demo\Admin.Demo.csproj", "{32CDED14-A60D-481C-A7FB-8E4693F026C9}"
EndProject
Project("{9A19103F-16F7-4668-BE54-9A1E7A4F7556}") = "Demo.Main", "Admin.Infrastructures\Demo.Main\Demo.Main.csproj", "{7BF03157-C14B-48C5-924D-15A032829077}"
EndProject
Project("{2150E333-8FDC-42A3-9474-1A3956D46DE8}") = "Admin.Modules", "Admin.Modules", "{4788BA77-2D45-4367-B746-D2FAB74C0473}"
EndProject
Project("{2150E333-8FDC-42A3-9474-1A3956D46DE8}") = "IotFunModule", "IotFunModule", "{D79405E7-3BD6-4A2E-BB91-89588229C433}"
EndProject
Project("{9A19103F-16F7-4668-BE54-9A1E7A4F7556}") = "IotFun", "Admin.Modules\IotFunModule\IotFun\IotFun.csproj", "{37465A57-F9C6-40DB-AC3E-3F03807105B7}"
EndProject
Project("{2150E333-8FDC-42A3-9474-1A3956D46DE8}") = "lotFunClient", "lotFunClient", "{25B50D87-F47E-45AC-B9B9-7043E94AC44D}"
EndProject
Project("{2150E333-8FDC-42A3-9474-1A3956D46DE8}") = "lotFunServer", "lotFunServer", "{1D3AA115-77E9-4CA8-8C5A-90D3B3140131}"
EndProject
Project("{9A19103F-16F7-4668-BE54-9A1E7A4F7556}") = "IotServer", "Admin.Modules\IotFunModule\IotFunServer\IotServer\IotServer.csproj", "{3C215CC3-3B07-4038-B59A-7502AB579B7B}"
EndProject
Project("{9A19103F-16F7-4668-BE54-9A1E7A4F7556}") = "IotContract", "Admin.Modules\IotFunModule\IotFunServer\IotContract\IotContract.csproj", "{06AAC48B-4E80-4C8E-AFB3-814A710C8F5B}"
EndProject
Project("{9A19103F-16F7-4668-BE54-9A1E7A4F7556}") = "IotServerService", "Admin.Modules\IotFunModule\IotFunServer\IotServerService\IotServerService.csproj", "{7091DF7A-BABF-4F31-86B6-2745C892B891}"
EndProject
Project("{2150E333-8FDC-42A3-9474-1A3956D46DE8}") = "GrpcModule", "GrpcModule", "{432CF793-EA1A-4986-BAB1-C767555C6E93}"
EndProject
Project("{9A19103F-16F7-4668-BE54-9A1E7A4F7556}") = "XT.Grpc", "Admin.Modules\GrpcModule\XT.Grpc\XT.Grpc.csproj", "{8AA0DB86-7EB2-48D3-A98B-4912BA06DB11}"
EndProject
Project("{9A19103F-16F7-4668-BE54-9A1E7A4F7556}") = "SyncSocketModuleCore", "Admin.Modules\IotFunModule\IotFunClient\SyncSocketModuleCore\SyncSocketModuleCore.csproj", "{34CD48B7-5ED2-4CD4-B949-C4D57678B33D}"
EndProject
Project("{9A19103F-16F7-4668-BE54-9A1E7A4F7556}") = "IotClientService", "Admin.Modules\IotFunModule\IotFunClient\IotClientService\IotClientService.csproj", "{4FC617B0-3A4A-4B35-A91B-711D355C890E}"
EndProject
Project("{9A19103F-16F7-4668-BE54-9A1E7A4F7556}") = "IotClientConsole", "Admin.Modules\IotFunModule\IotFunClient\IotClient\IotClientConsole.csproj", "{73BB775A-2B1B-427F-95D2-3BDB113B2D4E}"
EndProject
Project("{2150E333-8FDC-42A3-9474-1A3956D46DE8}") = "IotProcess", "IotProcess", "{561878D9-3F82-4F7C-ADD9-E9648B994E47}"
EndProject
Project("{9A19103F-16F7-4668-BE54-9A1E7A4F7556}") = "HbcServerProcess", "Admin.Modules\IotFunModule\IotFunServer\IotProcess\HbcServerProcess\HbcServerProcess.csproj", "{C586321E-15AE-4A6C-B910-75DA2E005ABC}"
EndProject
Project("{9A19103F-16F7-4668-BE54-9A1E7A4F7556}") = "QjServerProcess", "Admin.Modules\IotFunModule\IotFunServer\IotProcess\QjServerProcess\QjServerProcess.csproj", "{C199C2A7-E132-4AD0-83C6-FED68B28861A}"
EndProject
Project("{FAE04EC0-301F-11D3-BF4B-00C04F79EFBC}") = "IotClientWeb", "Admin.Modules\IotFunModule\IotFunClient\IotClientWeb\IotClientWeb.csproj", "{68C06FC9-3AD0-488C-81D6-D64081A2CAB9}"
EndProject
Global
	GlobalSection(SolutionConfigurationPlatforms) = preSolution
		Debug|Any CPU = Debug|Any CPU
		Release|Any CPU = Release|Any CPU
	EndGlobalSection
	GlobalSection(ProjectConfigurationPlatforms) = postSolution
		{C3F5AEC5-ACEE-4109-94E3-3F981DC18268}.Debug|Any CPU.ActiveCfg = Debug|Any CPU
		{C3F5AEC5-ACEE-4109-94E3-3F981DC18268}.Debug|Any CPU.Build.0 = Debug|Any CPU
		{C3F5AEC5-ACEE-4109-94E3-3F981DC18268}.Release|Any CPU.ActiveCfg = Release|Any CPU
		{C3F5AEC5-ACEE-4109-94E3-3F981DC18268}.Release|Any CPU.Build.0 = Release|Any CPU
		{3AD1A3ED-ED11-479D-BE32-6589D98A9ADC}.Debug|Any CPU.ActiveCfg = Debug|Any CPU
		{3AD1A3ED-ED11-479D-BE32-6589D98A9ADC}.Debug|Any CPU.Build.0 = Debug|Any CPU
		{3AD1A3ED-ED11-479D-BE32-6589D98A9ADC}.Release|Any CPU.ActiveCfg = Release|Any CPU
		{3AD1A3ED-ED11-479D-BE32-6589D98A9ADC}.Release|Any CPU.Build.0 = Release|Any CPU
		{8A42A864-A69E-40F7-975E-F2FA36E7DFEE}.Debug|Any CPU.ActiveCfg = Debug|Any CPU
		{8A42A864-A69E-40F7-975E-F2FA36E7DFEE}.Debug|Any CPU.Build.0 = Debug|Any CPU
		{8A42A864-A69E-40F7-975E-F2FA36E7DFEE}.Release|Any CPU.ActiveCfg = Release|Any CPU
		{8A42A864-A69E-40F7-975E-F2FA36E7DFEE}.Release|Any CPU.Build.0 = Release|Any CPU
		{11EA630B-4600-4236-A117-CE6C6CD67586}.Debug|Any CPU.ActiveCfg = Debug|Any CPU
		{11EA630B-4600-4236-A117-CE6C6CD67586}.Debug|Any CPU.Build.0 = Debug|Any CPU
		{11EA630B-4600-4236-A117-CE6C6CD67586}.Release|Any CPU.ActiveCfg = Release|Any CPU
		{11EA630B-4600-4236-A117-CE6C6CD67586}.Release|Any CPU.Build.0 = Release|Any CPU
		{32CDED14-A60D-481C-A7FB-8E4693F026C9}.Debug|Any CPU.ActiveCfg = Debug|Any CPU
		{32CDED14-A60D-481C-A7FB-8E4693F026C9}.Debug|Any CPU.Build.0 = Debug|Any CPU
		{32CDED14-A60D-481C-A7FB-8E4693F026C9}.Release|Any CPU.ActiveCfg = Release|Any CPU
		{32CDED14-A60D-481C-A7FB-8E4693F026C9}.Release|Any CPU.Build.0 = Release|Any CPU
		{7BF03157-C14B-48C5-924D-15A032829077}.Debug|Any CPU.ActiveCfg = Debug|Any CPU
		{7BF03157-C14B-48C5-924D-15A032829077}.Debug|Any CPU.Build.0 = Debug|Any CPU
		{7BF03157-C14B-48C5-924D-15A032829077}.Release|Any CPU.ActiveCfg = Release|Any CPU
		{7BF03157-C14B-48C5-924D-15A032829077}.Release|Any CPU.Build.0 = Release|Any CPU
		{37465A57-F9C6-40DB-AC3E-3F03807105B7}.Debug|Any CPU.ActiveCfg = Debug|Any CPU
		{37465A57-F9C6-40DB-AC3E-3F03807105B7}.Debug|Any CPU.Build.0 = Debug|Any CPU
		{37465A57-F9C6-40DB-AC3E-3F03807105B7}.Release|Any CPU.ActiveCfg = Release|Any CPU
		{37465A57-F9C6-40DB-AC3E-3F03807105B7}.Release|Any CPU.Build.0 = Release|Any CPU
		{3C215CC3-3B07-4038-B59A-7502AB579B7B}.Debug|Any CPU.ActiveCfg = Debug|Any CPU
		{3C215CC3-3B07-4038-B59A-7502AB579B7B}.Debug|Any CPU.Build.0 = Debug|Any CPU
		{3C215CC3-3B07-4038-B59A-7502AB579B7B}.Release|Any CPU.ActiveCfg = Release|Any CPU
		{3C215CC3-3B07-4038-B59A-7502AB579B7B}.Release|Any CPU.Build.0 = Release|Any CPU
		{06AAC48B-4E80-4C8E-AFB3-814A710C8F5B}.Debug|Any CPU.ActiveCfg = Debug|Any CPU
		{06AAC48B-4E80-4C8E-AFB3-814A710C8F5B}.Debug|Any CPU.Build.0 = Debug|Any CPU
		{06AAC48B-4E80-4C8E-AFB3-814A710C8F5B}.Release|Any CPU.ActiveCfg = Release|Any CPU
		{06AAC48B-4E80-4C8E-AFB3-814A710C8F5B}.Release|Any CPU.Build.0 = Release|Any CPU
		{7091DF7A-BABF-4F31-86B6-2745C892B891}.Debug|Any CPU.ActiveCfg = Debug|Any CPU
		{7091DF7A-BABF-4F31-86B6-2745C892B891}.Debug|Any CPU.Build.0 = Debug|Any CPU
		{7091DF7A-BABF-4F31-86B6-2745C892B891}.Release|Any CPU.ActiveCfg = Release|Any CPU
		{7091DF7A-BABF-4F31-86B6-2745C892B891}.Release|Any CPU.Build.0 = Release|Any CPU
		{8AA0DB86-7EB2-48D3-A98B-4912BA06DB11}.Debug|Any CPU.ActiveCfg = Debug|Any CPU
		{8AA0DB86-7EB2-48D3-A98B-4912BA06DB11}.Debug|Any CPU.Build.0 = Debug|Any CPU
		{8AA0DB86-7EB2-48D3-A98B-4912BA06DB11}.Release|Any CPU.ActiveCfg = Release|Any CPU
		{8AA0DB86-7EB2-48D3-A98B-4912BA06DB11}.Release|Any CPU.Build.0 = Release|Any CPU
		{34CD48B7-5ED2-4CD4-B949-C4D57678B33D}.Debug|Any CPU.ActiveCfg = Debug|Any CPU
		{34CD48B7-5ED2-4CD4-B949-C4D57678B33D}.Debug|Any CPU.Build.0 = Debug|Any CPU
		{34CD48B7-5ED2-4CD4-B949-C4D57678B33D}.Release|Any CPU.ActiveCfg = Release|Any CPU
		{34CD48B7-5ED2-4CD4-B949-C4D57678B33D}.Release|Any CPU.Build.0 = Release|Any CPU
		{4FC617B0-3A4A-4B35-A91B-711D355C890E}.Debug|Any CPU.ActiveCfg = Debug|Any CPU
		{4FC617B0-3A4A-4B35-A91B-711D355C890E}.Debug|Any CPU.Build.0 = Debug|Any CPU
		{4FC617B0-3A4A-4B35-A91B-711D355C890E}.Release|Any CPU.ActiveCfg = Release|Any CPU
		{4FC617B0-3A4A-4B35-A91B-711D355C890E}.Release|Any CPU.Build.0 = Release|Any CPU
		{73BB775A-2B1B-427F-95D2-3BDB113B2D4E}.Debug|Any CPU.ActiveCfg = Debug|Any CPU
		{73BB775A-2B1B-427F-95D2-3BDB113B2D4E}.Debug|Any CPU.Build.0 = Debug|Any CPU
		{73BB775A-2B1B-427F-95D2-3BDB113B2D4E}.Release|Any CPU.ActiveCfg = Release|Any CPU
		{73BB775A-2B1B-427F-95D2-3BDB113B2D4E}.Release|Any CPU.Build.0 = Release|Any CPU
		{C586321E-15AE-4A6C-B910-75DA2E005ABC}.Debug|Any CPU.ActiveCfg = Debug|Any CPU
		{C586321E-15AE-4A6C-B910-75DA2E005ABC}.Debug|Any CPU.Build.0 = Debug|Any CPU
		{C586321E-15AE-4A6C-B910-75DA2E005ABC}.Release|Any CPU.ActiveCfg = Release|Any CPU
		{C586321E-15AE-4A6C-B910-75DA2E005ABC}.Release|Any CPU.Build.0 = Release|Any CPU
		{C199C2A7-E132-4AD0-83C6-FED68B28861A}.Debug|Any CPU.ActiveCfg = Debug|Any CPU
		{C199C2A7-E132-4AD0-83C6-FED68B28861A}.Debug|Any CPU.Build.0 = Debug|Any CPU
		{C199C2A7-E132-4AD0-83C6-FED68B28861A}.Release|Any CPU.ActiveCfg = Release|Any CPU
		{C199C2A7-E132-4AD0-83C6-FED68B28861A}.Release|Any CPU.Build.0 = Release|Any CPU
		{68C06FC9-3AD0-488C-81D6-D64081A2CAB9}.Debug|Any CPU.ActiveCfg = Debug|Any CPU
		{68C06FC9-3AD0-488C-81D6-D64081A2CAB9}.Debug|Any CPU.Build.0 = Debug|Any CPU
		{68C06FC9-3AD0-488C-81D6-D64081A2CAB9}.Release|Any CPU.ActiveCfg = Release|Any CPU
		{68C06FC9-3AD0-488C-81D6-D64081A2CAB9}.Release|Any CPU.Build.0 = Release|Any CPU
	EndGlobalSection
	GlobalSection(SolutionProperties) = preSolution
		HideSolutionNode = FALSE
	EndGlobalSection
	GlobalSection(NestedProjects) = preSolution
		{32CDED14-A60D-481C-A7FB-8E4693F026C9} = {85F4F4F2-0EDF-44FB-BC49-D8D1C03F6C19}
		{7BF03157-C14B-48C5-924D-15A032829077} = {85F4F4F2-0EDF-44FB-BC49-D8D1C03F6C19}
		{D79405E7-3BD6-4A2E-BB91-89588229C433} = {4788BA77-2D45-4367-B746-D2FAB74C0473}
		{37465A57-F9C6-40DB-AC3E-3F03807105B7} = {D79405E7-3BD6-4A2E-BB91-89588229C433}
		{25B50D87-F47E-45AC-B9B9-7043E94AC44D} = {D79405E7-3BD6-4A2E-BB91-89588229C433}
		{1D3AA115-77E9-4CA8-8C5A-90D3B3140131} = {D79405E7-3BD6-4A2E-BB91-89588229C433}
		{3C215CC3-3B07-4038-B59A-7502AB579B7B} = {1D3AA115-77E9-4CA8-8C5A-90D3B3140131}
		{06AAC48B-4E80-4C8E-AFB3-814A710C8F5B} = {1D3AA115-77E9-4CA8-8C5A-90D3B3140131}
		{7091DF7A-BABF-4F31-86B6-2745C892B891} = {1D3AA115-77E9-4CA8-8C5A-90D3B3140131}
		{432CF793-EA1A-4986-BAB1-C767555C6E93} = {4788BA77-2D45-4367-B746-D2FAB74C0473}
		{8AA0DB86-7EB2-48D3-A98B-4912BA06DB11} = {432CF793-EA1A-4986-BAB1-C767555C6E93}
		{34CD48B7-5ED2-4CD4-B949-C4D57678B33D} = {25B50D87-F47E-45AC-B9B9-7043E94AC44D}
		{4FC617B0-3A4A-4B35-A91B-711D355C890E} = {25B50D87-F47E-45AC-B9B9-7043E94AC44D}
		{73BB775A-2B1B-427F-95D2-3BDB113B2D4E} = {25B50D87-F47E-45AC-B9B9-7043E94AC44D}
		{561878D9-3F82-4F7C-ADD9-E9648B994E47} = {1D3AA115-77E9-4CA8-8C5A-90D3B3140131}
		{C586321E-15AE-4A6C-B910-75DA2E005ABC} = {561878D9-3F82-4F7C-ADD9-E9648B994E47}
		{C199C2A7-E132-4AD0-83C6-FED68B28861A} = {561878D9-3F82-4F7C-ADD9-E9648B994E47}
		{68C06FC9-3AD0-488C-81D6-D64081A2CAB9} = {25B50D87-F47E-45AC-B9B9-7043E94AC44D}
	EndGlobalSection
	GlobalSection(ExtensibilityGlobals) = postSolution
		SolutionGuid = {5CD801D7-984A-4F5C-8FA2-211B7A5EA9F3}
	EndGlobalSection
EndGlobal
